
Microsoft Visual Studio Solution File, Format Version 12.00
# Visual Studio Version 17
VisualStudioVersion = 17.12.35514.174
MinimumVisualStudioVersion = 10.0.40219.1
Project("{FAE04EC0-301F-11D3-BF4B-00C04F79EFBC}") = "entities", "entities\entities.csproj", "{07050ED3-E4F8-4295-A690-189FC7A21E02}"
EndProject
Project("{FAE04EC0-301F-11D3-BF4B-00C04F79EFBC}") = "core", "core\core.csproj", "{8D880198-7BEB-49D2-8B1A-16C5EFCFEF42}"
EndProject
Project("{FAE04EC0-301F-11D3-BF4B-00C04F79EFBC}") = "api", "api\api.csproj", "{2D04A869-1E6B-4FE8-BF34-4D9317BC1A2A}"
EndProject
Global
	GlobalSection(SolutionConfigurationPlatforms) = preSolution
		Debug|Any CPU = Debug|Any CPU
		Release|Any CPU = Release|Any CPU
	EndGlobalSection
	GlobalSection(ProjectConfigurationPlatforms) = postSolution
		{07050ED3-E4F8-4295-A690-189FC7A21E02}.Debug|Any CPU.ActiveCfg = Debug|Any CPU
		{07050ED3-E4F8-4295-A690-189FC7A21E02}.Debug|Any CPU.Build.0 = Debug|Any CPU
		{07050ED3-E4F8-4295-A690-189FC7A21E02}.Release|Any CPU.ActiveCfg = Release|Any CPU
		{07050ED3-E4F8-4295-A690-189FC7A21E02}.Release|Any CPU.Build.0 = Release|Any CPU
		{8D880198-7BEB-49D2-8B1A-16C5EFCFEF42}.Debug|Any CPU.ActiveCfg = Debug|Any CPU
		{8D880198-7BEB-49D2-8B1A-16C5EFCFEF42}.Debug|Any CPU.Build.0 = Debug|Any CPU
		{8D880198-7BEB-49D2-8B1A-16C5EFCFEF42}.Release|Any CPU.ActiveCfg = Release|Any CPU
		{8D880198-7BEB-49D2-8B1A-16C5EFCFEF42}.Release|Any CPU.Build.0 = Release|Any CPU
		{2D04A869-1E6B-4FE8-BF34-4D9317BC1A2A}.Debug|Any CPU.ActiveCfg = Debug|Any CPU
		{2D04A869-1E6B-4FE8-BF34-4D9317BC1A2A}.Debug|Any CPU.Build.0 = Debug|Any CPU
		{2D04A869-1E6B-4FE8-BF34-4D9317BC1A2A}.Release|Any CPU.ActiveCfg = Release|Any CPU
		{2D04A869-1E6B-4FE8-BF34-4D9317BC1A2A}.Release|Any CPU.Build.0 = Release|Any CPU
	EndGlobalSection
	GlobalSection(SolutionProperties) = preSolution
		HideSolutionNode = FALSE
	EndGlobalSection
EndGlobal
